[r]
version = "4.5.3"
bioc_version = "3.22"

[[package]]
name = "AnnotationDbi"
version = "1.72.0"
source = "bioconductor"
raw_version = "1.72.0"
url = "https://bioconductor.org/packages/3.22/bioc/src/contrib/AnnotationDbi_1.72.0.tar.gz"
checksum = "md5:dab5c3c6d38999d7f3d0c16dd93d1780"
requires = [
    "BiocGenerics",
    "Biobase",
    "IRanges",
    "DBI",
    "RSQLite",
    "S4Vectors",
    "KEGGREST",
]
dev = true

[[package]]
name = "AsioHeaders"
version = "1.30.2-4.1"
source = "cran"
raw_version = "1.30.2-1"
url = "https://cran.r-project.org/src/contrib/AsioHeaders_1.30.2-1.tar.gz"
checksum = "md5:5c4346bc1746a3b55e0fdf1608460b55"
dev = true

[[package]]
name = "BH"
version = "1.90.0-4.1"
source = "cran"
raw_version = "1.90.0-1"
url = "https://cran.r-project.org/src/contrib/BH_1.90.0-1.tar.gz"
checksum = "md5:4b82aea7c6223ea0048c3edbe1a2caa0"
dev = true

[[package]]
name = "BSgenome"
version = "1.78.0"
source = "bioconductor"
raw_version = "1.78.0"
url = "https://bioconductor.org/packages/3.22/bioc/src/contrib/BSgenome_1.78.0.tar.gz"
checksum = "md5:cd45c3077014361f118fc82733205c10"
requires = [
    "BiocGenerics",
    "S4Vectors",
    "IRanges",
    "Seqinfo",
    "GenomicRanges",
    "Biostrings",
    "BiocIO",
    "rtracklayer",
    "matrixStats",
    "XVector",
    "Rsamtools",
]
dev = true

[[package]]
name = "Biobase"
version = "2.70.0"
source = "bioconductor"
raw_version = "2.70.0"
url = "https://bioconductor.org/packages/3.22/bioc/src/contrib/Biobase_2.70.0.tar.gz"
checksum = "md5:1972f4f090998033acd1d3bfdec77961"
requires = ["BiocGenerics"]
dev = true

[[package]]
name = "BiocGenerics"
version = "0.56.0"
source = "bioconductor"
raw_version = "0.56.0"
url = "https://bioconductor.org/packages/3.22/bioc/src/contrib/BiocGenerics_0.56.0.tar.gz"
checksum = "md5:5d6a2059f5c9559acfd2bd95d0db93bf"
requires = ["generics"]

[[package]]
name = "BiocIO"
version = "1.20.0"
source = "bioconductor"
raw_version = "1.20.0"
url = "https://bioconductor.org/packages/3.22/bioc/src/contrib/BiocIO_1.20.0.tar.gz"
checksum = "md5:82d3b94b4df3eb96dcc8614e06ba380e"
requires = [
    "BiocGenerics",
    "S4Vectors",
]
dev = true

[[package]]
name = "BiocManager"
version = "1.30.27"
source = "cran"
raw_version = "1.30.27"
url = "https://cran.r-project.org/src/contrib/BiocManager_1.30.27.tar.gz"
checksum = "md5:b89968e90a193ae720f2d7bee31a7565"
dev = true

[[package]]
name = "BiocParallel"
version = "1.44.0"
source = "bioconductor"
raw_version = "1.44.0"
url = "https://bioconductor.org/packages/3.22/bioc/src/contrib/BiocParallel_1.44.0.tar.gz"
checksum = "md5:75ab7c6895d7c10cbf15f4335adc6f08"
requires = [
    "futile.logger",
    "snow",
    "codetools",
    "BH",
    "cpp11",
]
dev = true

[[package]]
name = "BiocStyle"
version = "2.38.0"
source = "bioconductor"
raw_version = "2.38.0"
url = "https://bioconductor.org/packages/3.22/bioc/src/contrib/BiocStyle_2.38.0.tar.gz"
checksum = "md5:e8b8d0b2d67337fd836370eb616ab082"
requires = [
    "bookdown",
    "knitr",
    "rmarkdown",
    "yaml",
    "BiocManager",
]
dev = true

[[package]]
name = "Biostrings"
version = "2.78.0"
source = "bioconductor"
raw_version = "2.78.0"
url = "https://bioconductor.org/packages/3.22/bioc/src/contrib/Biostrings_2.78.0.tar.gz"
checksum = "md5:b4ec1bf212646114ef729393f6ff3855"
requires = [
    "BiocGenerics",
    "S4Vectors",
    "IRanges",
    "XVector",
    "Seqinfo",
    "crayon",
    "S4Vectors",
    "IRanges",
    "XVector",
]
dev = true

[[package]]
name = "DBI"
version = "1.3.0"
source = "cran"
raw_version = "1.3.0"
url = "https://cran.r-project.org/src/contrib/DBI_1.3.0.tar.gz"
checksum = "md5:ce5e3153cc7395a2aac452db1099d003"
dev = true

[[package]]
name = "DelayedArray"
version = "0.36.1"
source = "bioconductor"
raw_version = "0.36.1"
url = "https://bioconductor.org/packages/3.22/bioc/src/contrib/DelayedArray_0.36.1.tar.gz"
checksum = "md5:5a2d055332ae873b2a2c4e4a7b9cfe0f"
requires = [
    "Matrix",
    "BiocGenerics",
    "MatrixGenerics",
    "S4Vectors",
    "IRanges",
    "S4Arrays",
    "SparseArray",
]
dev = true

[[package]]
name = "GenomeInfoDbData"
version = "1.2.15"
source = "bioconductor"
raw_version = "1.2.15"
url = "https://bioconductor.org/packages/3.22/data/annotation/src/contrib/GenomeInfoDbData_1.2.15.tar.gz"
checksum = "md5:70fe5d6fa0b71bfacb94dfbee477d0c9"

[[package]]
name = "GenomicAlignments"
version = "1.46.0"
source = "bioconductor"
raw_version = "1.46.0"
url = "https://bioconductor.org/packages/3.22/bioc/src/contrib/GenomicAlignments_1.46.0.tar.gz"
checksum = "md5:889ee5bcd354094e9eec84e4a1669dd7"
requires = [
    "BiocGenerics",
    "S4Vectors",
    "IRanges",
    "Seqinfo",
    "GenomicRanges",
    "SummarizedExperiment",
    "Biostrings",
    "Rsamtools",
    "BiocGenerics",
    "S4Vectors",
    "IRanges",
    "GenomicRanges",
    "Biostrings",
    "Rsamtools",
    "BiocParallel",
    "cigarillo",
    "S4Vectors",
    "IRanges",
]
dev = true

[[package]]
name = "GenomicFeatures"
version = "1.62.0"
source = "bioconductor"
raw_version = "1.62.0"
url = "https://bioconductor.org/packages/3.22/bioc/src/contrib/GenomicFeatures_1.62.0.tar.gz"
checksum = "md5:a4be7ce617184bbdb12b57928b481c30"
requires = [
    "BiocGenerics",
    "S4Vectors",
    "IRanges",
    "Seqinfo",
    "GenomicRanges",
    "AnnotationDbi",
    "DBI",
    "XVector",
    "Biostrings",
    "rtracklayer",
]
dev = true

[[package]]
name = "GenomicRanges"
version = "1.62.1"
source = "bioconductor"
raw_version = "1.62.1"
url = "https://bioconductor.org/packages/3.22/bioc/src/contrib/GenomicRanges_1.62.1.tar.gz"
checksum = "md5:aa38e9c50dd8981e4db04cc5beee8078"
requires = [
    "BiocGenerics",
    "S4Vectors",
    "IRanges",
    "Seqinfo",
    "S4Vectors",
    "IRanges",
]

[[package]]
name = "IRanges"
version = "2.44.0"
source = "bioconductor"
raw_version = "2.44.0"
url = "https://bioconductor.org/packages/3.22/bioc/src/contrib/IRanges_2.44.0.tar.gz"
checksum = "md5:a169fe4941da3987cebbd383aa9b30f3"
requires = [
    "BiocGenerics",
    "S4Vectors",
    "S4Vectors",
]

[[package]]
name = "KEGGREST"
version = "1.50.0"
source = "bioconductor"
raw_version = "1.50.0"
url = "https://bioconductor.org/packages/3.22/bioc/src/contrib/KEGGREST_1.50.0.tar.gz"
checksum = "md5:719627205317fc510d64d84158fdce8f"
requires = [
    "httr",
    "png",
    "Biostrings",
]
dev = true

[[package]]
name = "Matrix"
version = "1.7.6"
source = "cran"
raw_version = "1.7-6"
url = "https://cran.r-project.org/src/contrib/Matrix_1.7-6.tar.gz"
checksum = "md5:92502b5e17bc36390d9e52c0f2c2e0f0"
requires = ["lattice"]
dev = true

[[package]]
name = "MatrixGenerics"
version = "1.22.0"
source = "bioconductor"
raw_version = "1.22.0"
url = "https://bioconductor.org/packages/3.22/bioc/src/contrib/MatrixGenerics_1.22.0.tar.gz"
checksum = "md5:f1d0d731b82aed99d77e403280a14deb"
requires = ["matrixStats"]
dev = true

[[package]]
name = "R6"
version = "2.6.1"
source = "cran"
raw_version = "2.6.1"
url = "https://cran.r-project.org/src/contrib/R6_2.6.1.tar.gz"
checksum = "md5:f01b1787f12797c29194d63c9afd5d70"

[[package]]
name = "RColorBrewer"
version = "1.1.3"
source = "cran"
raw_version = "1.1-3"
url = "https://cran.r-project.org/src/contrib/RColorBrewer_1.1-3.tar.gz"
checksum = "md5:9b687595bbe02a7e43fc195ba33f065c"

[[package]]
name = "RCurl"
version = "1.98.1-4.19"
source = "cran"
raw_version = "1.98-1.19"
url = "https://cran.r-project.org/src/contrib/RCurl_1.98-1.19.tar.gz"
checksum = "md5:dabd31727883b10b52c331a41f1b5a71"
requires = ["bitops"]
dev = true

[[package]]
name = "RSQLite"
version = "3.53.3"
source = "cran"
raw_version = "3.53.3"
url = "https://cran.r-project.org/src/contrib/RSQLite_3.53.3.tar.gz"
checksum = "md5:82267c88d52a98b0a3b988bc63d4fefd"
requires = [
    "bit64",
    "blob",
    "DBI",
    "memoise",
    "pkgconfig",
    "rlang",
    "cpp11",
]
dev = true

[[package]]
name = "Rcpp"
version = "1.1.2"
source = "cran"
raw_version = "1.1.2"
url = "https://cran.r-project.org/src/contrib/Rcpp_1.1.2.tar.gz"
checksum = "md5:353d35176db9c570705a0a324c06fdca"

[[package]]
name = "Rhtslib"
version = "3.6.0"
source = "bioconductor"
raw_version = "3.6.0"
url = "https://bioconductor.org/packages/3.22/bioc/src/contrib/Rhtslib_3.6.0.tar.gz"
checksum = "md5:e832528219ddfe8adb8c0f0ac4ba29bc"
dev = true

[[package]]
name = "Rsamtools"
version = "2.26.0"
source = "bioconductor"
raw_version = "2.26.0"
url = "https://bioconductor.org/packages/3.22/bioc/src/contrib/Rsamtools_2.26.0.tar.gz"
checksum = "md5:49e2932a8f1cb9515ef3cd8a79754c11"
requires = [
    "Seqinfo",
    "GenomicRanges",
    "Biostrings",
    "BiocGenerics",
    "S4Vectors",
    "IRanges",
    "XVector",
    "bitops",
    "BiocParallel",
    "Rhtslib",
    "S4Vectors",
    "IRanges",
    "XVector",
    "Biostrings",
]
dev = true

[[package]]
name = "Rtsne"
version = "0.17.0"
source = "cran"
raw_version = "0.17"
url = "https://cran.r-project.org/src/contrib/Rtsne_0.17.tar.gz"
checksum = "md5:06863d3c06a170d03d3600d78a80052a"
requires = [
    "Rcpp",
    "Rcpp",
]

[[package]]
name = "S4Arrays"
version = "1.10.1"
source = "bioconductor"
raw_version = "1.10.1"
url = "https://bioconductor.org/packages/3.22/bioc/src/contrib/S4Arrays_1.10.1.tar.gz"
checksum = "md5:d0b20bea4bc0a9eb10e75c929c19fcf2"
requires = [
    "Matrix",
    "abind",
    "BiocGenerics",
    "S4Vectors",
    "IRanges",
    "S4Vectors",
]
dev = true

[[package]]
name = "S4Vectors"
version = "0.48.1"
source = "bioconductor"
raw_version = "0.48.1"
url = "https://bioconductor.org/packages/3.22/bioc/src/contrib/S4Vectors_0.48.1.tar.gz"
checksum = "md5:97d42c8c8d6bf44fd95675b48dc66d1e"
requires = ["BiocGenerics"]

[[package]]
name = "Seqinfo"
version = "1.0.0"
source = "bioconductor"
raw_version = "1.0.0"
url = "https://bioconductor.org/packages/3.22/bioc/src/contrib/Seqinfo_1.0.0.tar.gz"
checksum = "md5:10585f976146cbcf32a4ce7d46a18709"
requires = [
    "BiocGenerics",
    "S4Vectors",
    "IRanges",
]

[[package]]
name = "SparseArray"
version = "1.10.10"
source = "bioconductor"
raw_version = "1.10.10"
url = "https://bioconductor.org/packages/3.22/bioc/src/contrib/SparseArray_1.10.10.tar.gz"
checksum = "md5:632b664e19a2121c50cacf14f0de6fe1"
requires = [
    "Matrix",
    "BiocGenerics",
    "MatrixGenerics",
    "S4Vectors",
    "S4Arrays",
    "matrixStats",
    "IRanges",
    "XVector",
    "S4Vectors",
    "IRanges",
    "XVector",
]
dev = true

[[package]]
name = "SummarizedExperiment"
version = "1.40.0"
source = "bioconductor"
raw_version = "1.40.0"
url = "https://bioconductor.org/packages/3.22/bioc/src/contrib/SummarizedExperiment_1.40.0.tar.gz"
checksum = "md5:f983c78496375a418ccd4853f966d9a8"
requires = [
    "MatrixGenerics",
    "GenomicRanges",
    "Biobase",
    "Matrix",
    "BiocGenerics",
    "S4Vectors",
    "IRanges",
    "Seqinfo",
    "S4Arrays",
    "DelayedArray",
]
dev = true

[[package]]
name = "V8"
version = "8.2.0"
source = "cran"
raw_version = "8.2.0"
url = "https://cran.r-project.org/src/contrib/V8_8.2.0.tar.gz"
checksum = "md5:c8d926eb2f59ebe63debc864fa6a5096"
requires = [
    "Rcpp",
    "jsonlite",
    "curl",
    "Rcpp",
]

[[package]]
name = "VariantAnnotation"
version = "1.56.0"
source = "bioconductor"
raw_version = "1.56.0"
url = "https://bioconductor.org/packages/3.22/bioc/src/contrib/VariantAnnotation_1.56.0.tar.gz"
checksum = "md5:d775bb0b91c65a871bcf107844e0da9f"
requires = [
    "BiocGenerics",
    "MatrixGenerics",
    "Seqinfo",
    "GenomicRanges",
    "SummarizedExperiment",
    "Rsamtools",
    "DBI",
    "Biobase",
    "S4Vectors",
    "IRanges",
    "XVector",
    "Biostrings",
    "AnnotationDbi",
    "rtracklayer",
    "BSgenome",
    "GenomicFeatures",
    "curl",
    "S4Vectors",
    "IRanges",
    "XVector",
    "Biostrings",
    "Rhtslib",
]
dev = true

[[package]]
name = "XML"
version = "3.99.0-4.23"
source = "cran"
raw_version = "3.99-0.23"
url = "https://cran.r-project.org/src/contrib/XML_3.99-0.23.tar.gz"
checksum = "md5:dd657fefcac88442ccb0e3797b4e4969"
dev = true

[[package]]
name = "XVector"
version = "0.50.0"
source = "bioconductor"
raw_version = "0.50.0"
url = "https://bioconductor.org/packages/3.22/bioc/src/contrib/XVector_0.50.0.tar.gz"
checksum = "md5:929b5a997ee6325853057c28ca3df77d"
requires = [
    "BiocGenerics",
    "S4Vectors",
    "IRanges",
    "BiocGenerics",
    "S4Vectors",
    "IRanges",
    "S4Vectors",
    "IRanges",
]
dev = true

[[package]]
name = "abind"
version = "1.4.8"
source = "cran"
raw_version = "1.4-8"
url = "https://cran.r-project.org/src/contrib/abind_1.4-8.tar.gz"
checksum = "md5:7a440111cd1e24356d558ac55a65dc98"
dev = true

[[package]]
name = "askpass"
version = "1.2.1"
source = "cran"
raw_version = "1.2.1"
url = "https://cran.r-project.org/src/contrib/askpass_1.2.1.tar.gz"
checksum = "md5:fc2c6a61b6a354707586b01950366f37"
requires = ["sys"]

[[package]]
name = "backports"
version = "1.5.1"
source = "cran"
raw_version = "1.5.1"
url = "https://cran.r-project.org/src/contrib/backports_1.5.1.tar.gz"
checksum = "md5:f23f63d1a2a739db18644dfa8c1de7ec"

[[package]]
name = "base64enc"
version = "0.1.6"
source = "cran"
raw_version = "0.1-6"
url = "https://cran.r-project.org/src/contrib/base64enc_0.1-6.tar.gz"
checksum = "md5:2c4ecc969451a673ee05eb2e725fcbaf"

[[package]]
name = "bit"
version = "4.6.0"
source = "cran"
raw_version = "4.6.0"
url = "https://cran.r-project.org/src/contrib/bit_4.6.0.tar.gz"
checksum = "md5:f36540550af63b0db8c78429d7366998"
dev = true

[[package]]
name = "bit64"
version = "4.8.2"
source = "cran"
raw_version = "4.8.2"
url = "https://cran.r-project.org/src/contrib/bit64_4.8.2.tar.gz"
checksum = "md5:12904714853ba84b8d1808266e5ef943"
requires = ["bit"]
dev = true

[[package]]
name = "bitops"
version = "1.1.0"
source = "cran"
raw_version = "1.1-0"
url = "https://cran.r-project.org/src/contrib/bitops_1.1-0.tar.gz"
checksum = "md5:6e2f8d461c60c5187313a4bce28dbf39"
dev = true

[[package]]
name = "blob"
version = "1.3.0"
source = "cran"
raw_version = "1.3.0"
url = "https://cran.r-project.org/src/contrib/blob_1.3.0.tar.gz"
checksum = "md5:8a43f72d9dff0b574606a9d8b191c33a"
requires = [
    "rlang",
    "vctrs",
]
dev = true

[[package]]
name = "bookdown"
version = "0.47.0"
source = "cran"
raw_version = "0.47"
url = "https://cran.r-project.org/src/contrib/bookdown_0.47.tar.gz"
checksum = "md5:fb1245bbf59ee36783a3fe6164e8d5f0"
requires = [
    "htmltools",
    "knitr",
    "rmarkdown",
    "jquerylib",
    "xfun",
    "tinytex",
    "yaml",
]
dev = true

[[package]]
name = "brio"
version = "1.1.5"
source = "cran"
raw_version = "1.1.5"
url = "https://cran.r-project.org/src/contrib/brio_1.1.5.tar.gz"
checksum = "md5:01e1a782f87242f9ca9c80acf9deeeff"
dev = true

[[package]]
name = "bslib"
version = "0.12.0"
source = "cran"
raw_version = "0.12.0"
url = "https://cran.r-project.org/src/contrib/bslib_0.12.0.tar.gz"
checksum = "md5:4e10d130d9538a635ae123e52b1274bf"
requires = [
    "base64enc",
    "cachem",
    "fastmap",
    "htmltools",
    "jquerylib",
    "jsonlite",
    "lifecycle",
    "memoise",
    "mime",
    "rlang",
    "sass",
]

[[package]]
name = "cachem"
version = "1.1.0"
source = "cran"
raw_version = "1.1.0"
url = "https://cran.r-project.org/src/contrib/cachem_1.1.0.tar.gz"
checksum = "md5:53980eb40dd09b0cd44673d3a6fabe36"
requires = [
    "rlang",
    "fastmap",
]

[[package]]
name = "callr"
version = "3.8.0"
source = "cran"
raw_version = "3.8.0"
url = "https://cran.r-project.org/src/contrib/callr_3.8.0.tar.gz"
checksum = "md5:6f2cca7ac13cfa5ef90288587f43de6f"
requires = [
    "otel",
    "processx",
    "R6",
]
dev = true

[[package]]
name = "checkmate"
version = "2.3.4"
source = "cran"
raw_version = "2.3.4"
url = "https://cran.r-project.org/src/contrib/checkmate_2.3.4.tar.gz"
checksum = "md5:64da20583ae2453fe1c86df562eb031b"
requires = ["backports"]

[[package]]
name = "chromote"
version = "0.5.1"
source = "cran"
raw_version = "0.5.1"
url = "https://cran.r-project.org/src/contrib/chromote_0.5.1.tar.gz"
checksum = "md5:419e519ae89670acc158d0dc976ba21c"
requires = [
    "cli",
    "curl",
    "fastmap",
    "jsonlite",
    "later",
    "magrittr",
    "processx",
    "promises",
    "R6",
    "rlang",
    "websocket",
    "withr",
    "zip",
]
dev = true

[[package]]
name = "cigarillo"
version = "1.0.0"
source = "bioconductor"
raw_version = "1.0.0"
url = "https://bioconductor.org/packages/3.22/bioc/src/contrib/cigarillo_1.0.0.tar.gz"
checksum = "md5:bde1a74d1ed5bd8a2c0defed30cd1f42"
requires = [
    "BiocGenerics",
    "S4Vectors",
    "IRanges",
    "Biostrings",
    "S4Vectors",
    "IRanges",
]
dev = true

[[package]]
name = "cli"
version = "3.6.6"
source = "cran"
raw_version = "3.6.6"
url = "https://cran.r-project.org/src/contrib/cli_3.6.6.tar.gz"
checksum = "md5:eedc08ba864ae6cd640b05eff1a607ee"

[[package]]
name = "cluster"
version = "2.1.8-4.3"
source = "cran"
raw_version = "2.1.8.3"
url = "https://cran.r-project.org/src/contrib/cluster_2.1.8.3.tar.gz"
checksum = "md5:b6c742457ff06f5f3a20d883afdd19a7"

[[package]]
name = "codetools"
version = "0.2.20"
source = "cran"
raw_version = "0.2-20"
url = "https://cran.r-project.org/src/contrib/codetools_0.2-20.tar.gz"
checksum = "md5:b6d2fb49c00a528b04f574892359aa55"
dev = true

[[package]]
name = "colorspace"
version = "2.1.3"
source = "cran"
raw_version = "2.1-3"
url = "https://cran.r-project.org/src/contrib/colorspace_2.1-3.tar.gz"
checksum = "md5:44beb9a1ff66bf35b44663b4fa7ef2ae"

[[package]]
name = "commonmark"
version = "2.0.0"
source = "cran"
raw_version = "2.0.0"
url = "https://cran.r-project.org/src/contrib/commonmark_2.0.0.tar.gz"
checksum = "md5:ac18da7841af62e8c457dd4872cce1ba"

[[package]]
name = "covr"
version = "3.6.5"
source = "cran"
raw_version = "3.6.5"
url = "https://cran.r-project.org/src/contrib/covr_3.6.5.tar.gz"
checksum = "md5:1414ace57aedd343a3992568538cc8ae"
requires = [
    "digest",
    "jsonlite",
    "rex",
    "httr",
    "cli",
    "withr",
    "yaml",
]
dev = true

[[package]]
name = "cpp11"
version = "0.5.5"
source = "cran"
raw_version = "0.5.5"
url = "https://cran.r-project.org/src/contrib/cpp11_0.5.5.tar.gz"
checksum = "md5:7c4c3f58ffa7adec25b85d0d99c0d7ed"
dev = true

[[package]]
name = "crayon"
version = "1.5.3"
source = "cran"
raw_version = "1.5.3"
url = "https://cran.r-project.org/src/contrib/crayon_1.5.3.tar.gz"
checksum = "md5:bb290c70d23b2200006187ac7839116f"
dev = true

[[package]]
name = "curl"
version = "7.1.0"
source = "cran"
raw_version = "7.1.0"
url = "https://cran.r-project.org/src/contrib/curl_7.1.0.tar.gz"
checksum = "md5:8af2ccbf5d85dc18866f45f1f26f348d"

[[package]]
name = "desc"
version = "1.4.3"
source = "cran"
raw_version = "1.4.3"
url = "https://cran.r-project.org/src/contrib/desc_1.4.3.tar.gz"
checksum = "md5:25e3c3be23e19c0f9164ed251c79f677"
requires = [
    "cli",
    "R6",
]
dev = true

[[package]]
name = "diffobj"
version = "0.3.8"
source = "cran"
raw_version = "0.3.8"
url = "https://cran.r-project.org/src/contrib/diffobj_0.3.8.tar.gz"
checksum = "md5:b9c3f8ec8b020bb807312c6c80d1c78c"
requires = ["crayon"]
dev = true

[[package]]
name = "digest"
version = "0.6.39"
source = "cran"
raw_version = "0.6.39"
url = "https://cran.r-project.org/src/contrib/digest_0.6.39.tar.gz"
checksum = "md5:2b7268922b0f86dbc8064ff8e3a1ca1b"

[[package]]
name = "evaluate"
version = "1.0.5"
source = "cran"
raw_version = "1.0.5"
url = "https://cran.r-project.org/src/contrib/evaluate_1.0.5.tar.gz"
checksum = "md5:64d96fee3845fd96d1eafaba37adf00e"

[[package]]
name = "farver"
version = "2.1.2"
source = "cran"
raw_version = "2.1.2"
url = "https://cran.r-project.org/src/contrib/farver_2.1.2.tar.gz"
checksum = "md5:1fa98878bb985e28d968630c7e7597b6"

[[package]]
name = "fastmap"
version = "1.2.0"
source = "cran"
raw_version = "1.2.0"
url = "https://cran.r-project.org/src/contrib/fastmap_1.2.0.tar.gz"
checksum = "md5:f53773acd6ba9a86413e8c2dc6441544"

[[package]]
name = "fontawesome"
version = "0.5.3"
source = "cran"
raw_version = "0.5.3"
url = "https://cran.r-project.org/src/contrib/fontawesome_0.5.3.tar.gz"
checksum = "md5:95b072a27418b962792410dfb21c3d2b"
requires = [
    "rlang",
    "htmltools",
]

[[package]]
name = "formatR"
version = "1.14.0"
source = "cran"
raw_version = "1.14"
url = "https://cran.r-project.org/src/contrib/formatR_1.14.tar.gz"
checksum = "md5:8af25a6fd3fcd575a70800921362e63b"

[[package]]
name = "fortunes"
version = "1.5.5"
source = "cran"
raw_version = "1.5-5"
url = "https://cran.r-project.org/src/contrib/fortunes_1.5-5.tar.gz"
checksum = "md5:0371f1d1e9897bd5b63d3b644d32cc5f"

[[package]]
name = "fs"
version = "2.1.0"
source = "cran"
raw_version = "2.1.0"
url = "https://cran.r-project.org/src/contrib/fs_2.1.0.tar.gz"
checksum = "md5:6011a5e758c21acc297ed8bbcf97e7d9"

[[package]]
name = "futile.logger"
version = "1.4.9"
source = "cran"
raw_version = "1.4.9"
url = "https://cran.r-project.org/src/contrib/futile.logger_1.4.9.tar.gz"
checksum = "md5:547e54942e85aaa758590784504b3847"
requires = [
    "lambda.r",
    "futile.options",
]

[[package]]
name = "futile.options"
version = "1.0.1"
source = "cran"
raw_version = "1.0.1"
url = "https://cran.r-project.org/src/contrib/futile.options_1.0.1.tar.gz"
checksum = "md5:040daac5089839c104ffd0e0fbedb98d"

[[package]]
name = "generics"
version = "0.1.4"
source = "cran"
raw_version = "0.1.4"
url = "https://cran.r-project.org/src/contrib/generics_0.1.4.tar.gz"
checksum = "md5:dda54b65216fe3c53571d2adaddc7461"

[[package]]
name = "globals"
version = "0.19.1"
source = "cran"
raw_version = "0.19.1"
url = "https://cran.r-project.org/src/contrib/globals_0.19.1.tar.gz"
checksum = "md5:3e96c6372abae8ed950705203c1bcd85"
requires = ["codetools"]
dev = true

[[package]]
name = "glue"
version = "1.8.1"
source = "cran"
raw_version = "1.8.1"
url = "https://cran.r-project.org/src/contrib/glue_1.8.1.tar.gz"
checksum = "md5:24e3cd382f52015c929538a5208d11aa"

[[package]]
name = "highr"
version = "0.12.0"
source = "cran"
raw_version = "0.12"
url = "https://cran.r-project.org/src/contrib/highr_0.12.tar.gz"
checksum = "md5:006fcfa8e16c72ecd1adffdf0cf87e43"
requires = ["xfun"]

[[package]]
name = "htmltools"
version = "0.5.9"
source = "cran"
raw_version = "0.5.9"
url = "https://cran.r-project.org/src/contrib/htmltools_0.5.9.tar.gz"
checksum = "md5:f4a0cac920fb54b5c5ea94e175e20067"
requires = [
    "base64enc",
    "digest",
    "fastmap",
    "rlang",
]

[[package]]
name = "htmlwidgets"
version = "1.6.4"
source = "cran"
raw_version = "1.6.4"
url = "https://cran.r-project.org/src/contrib/htmlwidgets_1.6.4.tar.gz"
checksum = "md5:e1ea7f9774ad7a79fcf31e52c2074fd1"
requires = [
    "htmltools",
    "jsonlite",
    "knitr",
    "rmarkdown",
    "yaml",
]

[[package]]
name = "httpuv"
version = "1.6.17"
source = "cran"
raw_version = "1.6.17"
url = "https://cran.r-project.org/src/contrib/httpuv_1.6.17.tar.gz"
checksum = "md5:50763765704e547c15aac4be97cec437"
requires = [
    "later",
    "promises",
    "R6",
    "Rcpp",
    "later",
    "Rcpp",
]

[[package]]
name = "httr"
version = "1.4.8"
source = "cran"
raw_version = "1.4.8"
url = "https://cran.r-project.org/src/contrib/httr_1.4.8.tar.gz"
checksum = "md5:8756015b94a9cff6f410ca4de8557f12"
requires = [
    "curl",
    "jsonlite",
    "mime",
    "openssl",
    "R6",
]

[[package]]
name = "httr2"
version = "1.3.0"
source = "cran"
raw_version = "1.3.0"
url = "https://cran.r-project.org/src/contrib/httr2_1.3.0.tar.gz"
checksum = "md5:790051880d410d91692fbd4cb3c29414"
requires = [
    "cli",
    "curl",
    "glue",
    "lifecycle",
    "magrittr",
    "openssl",
    "R6",
    "rlang",
    "vctrs",
    "withr",
]
dev = true

[[package]]
name = "jquerylib"
version = "0.1.4"
source = "cran"
raw_version = "0.1.4"
url = "https://cran.r-project.org/src/contrib/jquerylib_0.1.4.tar.gz"
checksum = "md5:3607a34ac45ff420bc325d84eab4b0cb"
requires = ["htmltools"]

[[package]]
name = "jsonlite"
version = "2.0.0"
source = "cran"
raw_version = "2.0.0"
url = "https://cran.r-project.org/src/contrib/jsonlite_2.0.0.tar.gz"
checksum = "md5:3e54e6fbc0c9063936e3d01e91419c14"

[[package]]
name = "knitr"
version = "1.51.0"
source = "cran"
raw_version = "1.51"
url = "https://cran.r-project.org/src/contrib/knitr_1.51.tar.gz"
checksum = "md5:79f32f24b572fe198baca8882d6aa87f"
requires = [
    "evaluate",
    "highr",
    "xfun",
    "yaml",
]

[[package]]
name = "labeling"
version = "0.4.3"
source = "cran"
raw_version = "0.4.3"
url = "https://cran.r-project.org/src/contrib/labeling_0.4.3.tar.gz"
checksum = "md5:915e6c823c1d8243641ce97253389f14"

[[package]]
name = "lambda.r"
version = "1.2.4"
source = "cran"
raw_version = "1.2.4"
url = "https://cran.r-project.org/src/contrib/lambda.r_1.2.4.tar.gz"
checksum = "md5:861157dc2fe66ce8ed1e755578a57e47"
requires = ["formatR"]

[[package]]
name = "later"
version = "1.4.8"
source = "cran"
raw_version = "1.4.8"
url = "https://cran.r-project.org/src/contrib/later_1.4.8.tar.gz"
checksum = "md5:7ebbfd8a26cd6341a6d9d03ba18d259c"
requires = [
    "Rcpp",
    "rlang",
    "Rcpp",
]

[[package]]
name = "lattice"
version = "0.22.9"
source = "cran"
raw_version = "0.22-9"
url = "https://cran.r-project.org/src/contrib/lattice_0.22-9.tar.gz"
checksum = "md5:8fda6c7974b190459ad080e467e670c6"
dev = true

[[package]]
name = "lifecycle"
version = "1.0.5"
source = "cran"
raw_version = "1.0.5"
url = "https://cran.r-project.org/src/contrib/lifecycle_1.0.5.tar.gz"
checksum = "md5:bce35a7a89fe4108f262db3e441cccae"
requires = [
    "cli",
    "rlang",
]

[[package]]
name = "magrittr"
version = "2.0.5"
source = "cran"
raw_version = "2.0.5"
url = "https://cran.r-project.org/src/contrib/magrittr_2.0.5.tar.gz"
checksum = "md5:4ee23a88bc1589527696d777d7e68dfc"

[[package]]
name = "matrixStats"
version = "1.5.0"
source = "cran"
raw_version = "1.5.0"
url = "https://cran.r-project.org/src/contrib/matrixStats_1.5.0.tar.gz"
checksum = "md5:8bece992ad950d8528407acee0bc2d1e"
dev = true

[[package]]
name = "memoise"
version = "2.0.1"
source = "cran"
raw_version = "2.0.1"
url = "https://cran.r-project.org/src/contrib/memoise_2.0.1.tar.gz"
checksum = "md5:89da4ce771967d851db47132b762ce6f"
requires = [
    "rlang",
    "cachem",
]

[[package]]
name = "mime"
version = "0.13.0"
source = "cran"
raw_version = "0.13"
url = "https://cran.r-project.org/src/contrib/mime_0.13.tar.gz"
checksum = "md5:45c3868fb2f5a7f3817d54d1c75799f9"

[[package]]
name = "openssl"
version = "2.4.2"
source = "cran"
raw_version = "2.4.2"
url = "https://cran.r-project.org/src/contrib/openssl_2.4.2.tar.gz"
checksum = "md5:748b0fa601173da477706803783b6943"
requires = ["askpass"]

[[package]]
name = "otel"
version = "0.2.0"
source = "cran"
raw_version = "0.2.0"
url = "https://cran.r-project.org/src/contrib/otel_0.2.0.tar.gz"
checksum = "md5:cecd0f434a6327dcf5ca0bc2da494d06"

[[package]]
name = "pingr"
version = "2.0.5"
source = "cran"
raw_version = "2.0.5"
url = "https://cran.r-project.org/src/contrib/pingr_2.0.5.tar.gz"
checksum = "md5:2ae026f6a762c5ae35256380fda7846c"
requires = ["processx"]
dev = true

[[package]]
name = "pkgbuild"
version = "1.4.8"
source = "cran"
raw_version = "1.4.8"
url = "https://cran.r-project.org/src/contrib/pkgbuild_1.4.8.tar.gz"
checksum = "md5:7708705f2645a0852f41af6e3a36d8d7"
requires = [
    "callr",
    "cli",
    "desc",
    "processx",
    "R6",
]
dev = true

[[package]]
name = "pkgconfig"
version = "2.0.3"
source = "cran"
raw_version = "2.0.3"
url = "https://cran.r-project.org/src/contrib/pkgconfig_2.0.3.tar.gz"
checksum = "md5:7b9ca1d45d941238381cb55d13ff4d68"
dev = true

[[package]]
name = "pkgload"
version = "1.5.3"
source = "cran"
raw_version = "1.5.3"
url = "https://cran.r-project.org/src/contrib/pkgload_1.5.3.tar.gz"
checksum = "md5:9f38a3a0d87ea2d72d1d9e9b9bfd1106"
requires = [
    "cli",
    "desc",
    "fs",
    "glue",
    "lifecycle",
    "pkgbuild",
    "processx",
    "rlang",
    "rprojroot",
]
dev = true

[[package]]
name = "png"
version = "0.1.9"
source = "cran"
raw_version = "0.1-9"
url = "https://cran.r-project.org/src/contrib/png_0.1-9.tar.gz"
checksum = "md5:1410f91d9ac052c15c6eea3bc1c89672"
dev = true

[[package]]
name = "praise"
version = "1.0.0"
source = "cran"
raw_version = "1.0.0"
url = "https://cran.r-project.org/src/contrib/praise_1.0.0.tar.gz"
checksum = "md5:9318724cec0454884b5f762bee2da6a1"
dev = true

[[package]]
name = "processx"
version = "3.9.0"
source = "cran"
raw_version = "3.9.0"
url = "https://cran.r-project.org/src/contrib/processx_3.9.0.tar.gz"
checksum = "md5:c4e0ed59285d195cdb03c66e3a9cb76d"
requires = [
    "ps",
    "R6",
]
dev = true

[[package]]
name = "promises"
version = "1.5.0"
source = "cran"
raw_version = "1.5.0"
url = "https://cran.r-project.org/src/contrib/promises_1.5.0.tar.gz"
checksum = "md5:365a4097be36772605653818da60eae6"
requires = [
    "fastmap",
    "later",
    "lifecycle",
    "magrittr",
    "otel",
    "R6",
    "rlang",
]

[[package]]
name = "ps"
version = "1.9.3"
source = "cran"
raw_version = "1.9.3"
url = "https://cran.r-project.org/src/contrib/ps_1.9.3.tar.gz"
checksum = "md5:a965ee358e18f9d6586f594487e1c2cf"
dev = true

[[package]]
name = "randomcoloR"
version = "1.1.0-4.1"
source = "cran"
raw_version = "1.1.0.1"
url = "https://cran.r-project.org/src/contrib/randomcoloR_1.1.0.1.tar.gz"
checksum = "md5:e01cf5290282d7d8c7ce69979ecd6316"
requires = [
    "colorspace",
    "stringr",
    "V8",
    "scales",
    "Rtsne",
    "cluster",
]

[[package]]
name = "rappdirs"
version = "0.3.4"
source = "cran"
raw_version = "0.3.4"
url = "https://cran.r-project.org/src/contrib/rappdirs_0.3.4.tar.gz"
checksum = "md5:a990a3ddcfa9eb422cd406f78084fbd8"

[[package]]
name = "restfulr"
version = "0.0.17"
source = "cran"
raw_version = "0.0.17"
url = "https://cran.r-project.org/src/contrib/restfulr_0.0.17.tar.gz"
checksum = "md5:209a8d71e4711225fadfa3698d5a1aec"
requires = [
    "XML",
    "RCurl",
    "rjson",
    "S4Vectors",
    "yaml",
]
dev = true

[[package]]
name = "rex"
version = "1.2.2"
source = "cran"
raw_version = "1.2.2"
url = "https://cran.r-project.org/src/contrib/rex_1.2.2.tar.gz"
checksum = "md5:badb771be4124e348912f34b50b98296"
requires = ["withr"]
dev = true

[[package]]
name = "rjson"
version = "0.2.23"
source = "cran"
raw_version = "0.2.23"
url = "https://cran.r-project.org/src/contrib/rjson_0.2.23.tar.gz"
checksum = "md5:3eccfd8c0623a5c7ea7456b585d43dbe"
dev = true

[[package]]
name = "rlang"
version = "1.3.0"
source = "cran"
raw_version = "1.3.0"
url = "https://cran.r-project.org/src/contrib/rlang_1.3.0.tar.gz"
checksum = "md5:b52c165e43f4d7fe5cfa15c5c9467ff4"

[[package]]
name = "rmarkdown"
version = "2.31.0"
source = "cran"
raw_version = "2.31"
url = "https://cran.r-project.org/src/contrib/rmarkdown_2.31.tar.gz"
checksum = "md5:8f7a4eef6b62e7f2284550c3134f28c8"
requires = [
    "bslib",
    "evaluate",
    "fontawesome",
    "htmltools",
    "jquerylib",
    "jsonlite",
    "knitr",
    "tinytex",
    "xfun",
    "yaml",
]

[[package]]
name = "rprojroot"
version = "2.1.1"
source = "cran"
raw_version = "2.1.1"
url = "https://cran.r-project.org/src/contrib/rprojroot_2.1.1.tar.gz"
checksum = "md5:307fef4f932acc1d8660a857e44d5fb7"
dev = true

[[package]]
name = "rtracklayer"
version = "1.70.1"
source = "bioconductor"
raw_version = "1.70.1"
url = "https://bioconductor.org/packages/3.22/bioc/src/contrib/rtracklayer_1.70.1.tar.gz"
checksum = "md5:c399624f0938456f2c31d5f58112b529"
requires = [
    "GenomicRanges",
    "XML",
    "BiocGenerics",
    "S4Vectors",
    "IRanges",
    "XVector",
    "Seqinfo",
    "Biostrings",
    "curl",
    "httr",
    "Rsamtools",
    "GenomicAlignments",
    "BiocIO",
    "restfulr",
    "S4Vectors",
    "IRanges",
    "XVector",
]
dev = true

[[package]]
name = "sass"
version = "0.4.10"
source = "cran"
raw_version = "0.4.10"
url = "https://cran.r-project.org/src/contrib/sass_0.4.10.tar.gz"
checksum = "md5:16054a7117a81ba75893fec17da62209"
requires = [
    "fs",
    "rlang",
    "htmltools",
    "R6",
    "rappdirs",
]

[[package]]
name = "scales"
version = "1.4.0"
source = "cran"
raw_version = "1.4.0"
url = "https://cran.r-project.org/src/contrib/scales_1.4.0.tar.gz"
checksum = "md5:6dd61123ecc2be3e3777aa77c172261d"
requires = [
    "cli",
    "farver",
    "glue",
    "labeling",
    "lifecycle",
    "R6",
    "RColorBrewer",
    "rlang",
    "viridisLite",
]

[[package]]
name = "shiny"
version = "1.14.0"
source = "cran"
raw_version = "1.14.0"
url = "https://cran.r-project.org/src/contrib/shiny_1.14.0.tar.gz"
checksum = "md5:309459688ceae1e8b018d1595eae8879"
requires = [
    "bslib",
    "cachem",
    "cli",
    "commonmark",
    "fastmap",
    "fontawesome",
    "glue",
    "htmltools",
    "httpuv",
    "jsonlite",
    "later",
    "lifecycle",
    "mime",
    "otel",
    "promises",
    "R6",
    "rlang",
    "sourcetools",
    "withr",
    "xtable",
]

[[package]]
name = "shinytest2"
version = "0.5.1"
source = "cran"
raw_version = "0.5.1"
url = "https://cran.r-project.org/src/contrib/shinytest2_0.5.1.tar.gz"
checksum = "md5:64821499ce491077abf92d7e92abd5d7"
requires = [
    "testthat",
    "callr",
    "checkmate",
    "chromote",
    "cli",
    "fs",
    "globals",
    "httr2",
    "jsonlite",
    "lifecycle",
    "pingr",
    "pkgload",
    "R6",
    "rlang",
    "rmarkdown",
    "shiny",
    "withr",
    "cpp11",
]
dev = true

[[package]]
name = "snow"
version = "0.4.4"
source = "cran"
raw_version = "0.4-4"
url = "https://cran.r-project.org/src/contrib/snow_0.4-4.tar.gz"
checksum = "md5:8a6ded9cae4a175619ad1e33cc31d4b9"
dev = true

[[package]]
name = "sourcetools"
version = "0.1.7-4.2"
source = "cran"
raw_version = "0.1.7-2"
url = "https://cran.r-project.org/src/contrib/sourcetools_0.1.7-2.tar.gz"
checksum = "md5:b30ed63295fc9659f7526914d6687e0e"

[[package]]
name = "stringi"
version = "1.8.7"
source = "cran"
raw_version = "1.8.7"
url = "https://cran.r-project.org/src/contrib/stringi_1.8.7.tar.gz"
checksum = "md5:e8d621e4b35873cd406271d3fe8c3281"

[[package]]
name = "stringr"
version = "1.6.0"
source = "cran"
raw_version = "1.6.0"
url = "https://cran.r-project.org/src/contrib/stringr_1.6.0.tar.gz"
checksum = "md5:e6d638f79f82b1c39fc88e7295ba1c9d"
requires = [
    "cli",
    "glue",
    "lifecycle",
    "magrittr",
    "rlang",
    "stringi",
    "vctrs",
]

[[package]]
name = "sys"
version = "3.4.3"
source = "cran"
raw_version = "3.4.3"
url = "https://cran.r-project.org/src/contrib/sys_3.4.3.tar.gz"
checksum = "md5:ffb4244c6d4cacdd4ac8ef187699707c"

[[package]]
name = "testthat"
version = "3.3.2"
source = "cran"
raw_version = "3.3.2"
url = "https://cran.r-project.org/src/contrib/testthat_3.3.2.tar.gz"
checksum = "md5:04c0b5f18aff2fdae2a3170afb9ee5e3"
requires = [
    "brio",
    "callr",
    "cli",
    "desc",
    "evaluate",
    "jsonlite",
    "lifecycle",
    "magrittr",
    "pkgload",
    "praise",
    "processx",
    "ps",
    "R6",
    "rlang",
    "waldo",
    "withr",
]
dev = true

[[package]]
name = "tinytex"
version = "0.60.0"
source = "cran"
raw_version = "0.60"
url = "https://cran.r-project.org/src/contrib/tinytex_0.60.tar.gz"
checksum = "md5:c680dc21cfd948a22a4f72427967e3e0"
requires = ["xfun"]

[[package]]
name = "vctrs"
version = "0.7.3"
source = "cran"
raw_version = "0.7.3"
url = "https://cran.r-project.org/src/contrib/vctrs_0.7.3.tar.gz"
checksum = "md5:d99218820f353c359ff59fd46b52ddb3"
requires = [
    "cli",
    "glue",
    "lifecycle",
    "rlang",
]

[[package]]
name = "viridisLite"
version = "0.4.3"
source = "cran"
raw_version = "0.4.3"
url = "https://cran.r-project.org/src/contrib/viridisLite_0.4.3.tar.gz"
checksum = "md5:ecfcfd15db2d5a79c25b9514748762b5"

[[package]]
name = "waldo"
version = "0.6.2"
source = "cran"
raw_version = "0.6.2"
url = "https://cran.r-project.org/src/contrib/waldo_0.6.2.tar.gz"
checksum = "md5:0f215c5afc65d5a715181521ea3e79fa"
requires = [
    "cli",
    "diffobj",
    "glue",
    "rlang",
]
dev = true

[[package]]
name = "websocket"
version = "1.4.4"
source = "cran"
raw_version = "1.4.4"
url = "https://cran.r-project.org/src/contrib/websocket_1.4.4.tar.gz"
checksum = "md5:67af44a6edb909e3a8ad8a371be185d0"
requires = [
    "R6",
    "later",
    "cpp11",
    "AsioHeaders",
    "later",
]
dev = true

[[package]]
name = "withr"
version = "3.0.3"
source = "cran"
raw_version = "3.0.3"
url = "https://cran.r-project.org/src/contrib/withr_3.0.3.tar.gz"
checksum = "md5:121bf3699aadb9d1b47d648964b934f8"

[[package]]
name = "xfun"
version = "0.60.0"
source = "cran"
raw_version = "0.60"
url = "https://cran.r-project.org/src/contrib/xfun_0.60.tar.gz"
checksum = "md5:1bea9ab58602d9b6eac3b5823a95e5e6"

[[package]]
name = "xtable"
version = "1.8.8"
source = "cran"
raw_version = "1.8-8"
url = "https://cran.r-project.org/src/contrib/xtable_1.8-8.tar.gz"
checksum = "md5:4d07e6f65181f7227fac2bd3e6122a0b"

[[package]]
name = "yaml"
version = "2.3.12"
source = "cran"
raw_version = "2.3.12"
url = "https://cran.r-project.org/src/contrib/yaml_2.3.12.tar.gz"
checksum = "md5:6beea9b09717960f6c79fcbc1e129c41"

[[package]]
name = "zip"
version = "3.0.1"
source = "cran"
raw_version = "3.0.1"
url = "https://cran.r-project.org/src/contrib/zip_3.0.1.tar.gz"
checksum = "md5:9d10f1781a9bc86328c22d92426f4b59"
requires = ["cli"]
dev = true
